
Microsoft Visual Studio Solution File, Format Version 12.00
# Visual Studio Version 16
VisualStudioVersion = 16.0.28917.181
MinimumVisualStudioVersion = 10.0.40219.1
Project("{FAE04EC0-301F-11D3-BF4B-00C04F79EFBC}") = "Sunsplash.Android", "Sunsplash\Sunsplash.Android\Sunsplash.Android.csproj", "{AD83157D-41C8-48E0-95EF-3688F1B48992}"
EndProject
Project("{FAE04EC0-301F-11D3-BF4B-00C04F79EFBC}") = "Sunsplash", "Sunsplash\Sunsplash\Sunsplash.csproj", "{9978F86B-D008-41BF-B677-3182851C6344}"
EndProject
Global
	GlobalSection(SolutionConfigurationPlatforms) = preSolution
		Debug|Any CPU = Debug|Any CPU
		Release|Any CPU = Release|Any CPU
	EndGlobalSection
	GlobalSection(ProjectConfigurationPlatforms) = postSolution
		{AD83157D-41C8-48E0-95EF-3688F1B48992}.Debug|Any CPU.ActiveCfg = Debug|Any CPU
		{AD83157D-41C8-48E0-95EF-3688F1B48992}.Debug|Any CPU.Build.0 = Debug|Any CPU
		{AD83157D-41C8-48E0-95EF-3688F1B48992}.Debug|Any CPU.Deploy.0 = Debug|Any CPU
		{AD83157D-41C8-48E0-95EF-3688F1B48992}.Release|Any CPU.ActiveCfg = Release|Any CPU
		{AD83157D-41C8-48E0-95EF-3688F1B48992}.Release|Any CPU.Build.0 = Release|Any CPU
		{AD83157D-41C8-48E0-95EF-3688F1B48992}.Release|Any CPU.Deploy.0 = Release|Any CPU
		{9978F86B-D008-41BF-B677-3182851C6344}.Debug|Any CPU.ActiveCfg = Debug|Any CPU
		{9978F86B-D008-41BF-B677-3182851C6344}.Debug|Any CPU.Build.0 = Debug|Any CPU
		{9978F86B-D008-41BF-B677-3182851C6344}.Debug|Any CPU.Deploy.0 = Debug|Any CPU
		{9978F86B-D008-41BF-B677-3182851C6344}.Release|Any CPU.ActiveCfg = Release|Any CPU
		{9978F86B-D008-41BF-B677-3182851C6344}.Release|Any CPU.Build.0 = Release|Any CPU
		{9978F86B-D008-41BF-B677-3182851C6344}.Release|Any CPU.Deploy.0 = Release|Any CPU
	EndGlobalSection
	GlobalSection(SolutionProperties) = preSolution
		HideSolutionNode = FALSE
	EndGlobalSection
	GlobalSection(ExtensibilityGlobals) = postSolution
		SolutionGuid = {54D0AFF6-D775-42A5-A3CF-8D076C3BCAEC}
	EndGlobalSection
EndGlobal
